# THIS IS AN AUTOGENERATED FILE. DO NOT EDIT THIS FILE DIRECTLY.
# yarn lockfile v1


"@roddynpm/bs-easy-format@^0.1.0":
  version "0.1.0"
  resolved "https://registry.yarnpkg.com/@roddynpm/bs-easy-format/-/bs-easy-format-0.1.0.tgz#099295e346e3a0b6593f7bbf3e3dd51c7a32e06a"
  integrity sha512-ZlxFSmTBzJgLfVYAnRObT6jyvIKTABt2vCGHwJx/Cl+O2sfJAYmO2RofQxMdikdHNu9MS/8LX5zwPfwZ3H21VA==
